
Microsoft Visual Studio Solution File, Format Version 12.00
# Visual Studio Version 17
VisualStudioVersion = 17.9.34616.47
MinimumVisualStudioVersion = 10.0.40219.1
Project("{FAE04EC0-301F-11D3-BF4B-00C04F79EFBC}") = "Haminhtrung_2121110279_aspNET", "Haminhtrung_2121110279_aspNET\Haminhtrung_2121110279_aspNET.csproj", "{B2F09286-D0D7-442B-BE8F-416922884187}"
EndProject
Global
	GlobalSection(SolutionConfigurationPlatforms) = preSolution
		Debug|Any CPU = Debug|Any CPU
		Release|Any CPU = Release|Any CPU
	EndGlobalSection
	GlobalSection(ProjectConfigurationPlatforms) = postSolution
		{B2F09286-D0D7-442B-BE8F-416922884187}.Debug|Any CPU.ActiveCfg = Debug|Any CPU
		{B2F09286-D0D7-442B-BE8F-416922884187}.Debug|Any CPU.Build.0 = Debug|Any CPU
		{B2F09286-D0D7-442B-BE8F-416922884187}.Release|Any CPU.ActiveCfg = Release|Any CPU
		{B2F09286-D0D7-442B-BE8F-416922884187}.Release|Any CPU.Build.0 = Release|Any CPU
	EndGlobalSection
	GlobalSection(SolutionProperties) = preSolution
		HideSolutionNode = FALSE
	EndGlobalSection
	GlobalSection(ExtensibilityGlobals) = postSolution
		SolutionGuid = {5898126E-7600-4A7A-ADB9-1B2FB30446C2}
	EndGlobalSection
EndGlobal
