
Microsoft Visual Studio Solution File, Format Version 12.00
# Visual Studio Version 17
VisualStudioVersion = 17.9.34701.34
MinimumVisualStudioVersion = 10.0.40219.1
Project("{FAE04EC0-301F-11D3-BF4B-00C04F79EFBC}") = "webcore", "webcore\webcore.csproj", "{C6464FE3-91A6-4D44-861F-3CBFC9E6D5E5}"
EndProject
Global
	GlobalSection(SolutionConfigurationPlatforms) = preSolution
		Debug|Any CPU = Debug|Any CPU
		Release|Any CPU = Release|Any CPU
	EndGlobalSection
	GlobalSection(ProjectConfigurationPlatforms) = postSolution
		{C6464FE3-91A6-4D44-861F-3CBFC9E6D5E5}.Debug|Any CPU.ActiveCfg = Debug|Any CPU
		{C6464FE3-91A6-4D44-861F-3CBFC9E6D5E5}.Debug|Any CPU.Build.0 = Debug|Any CPU
		{C6464FE3-91A6-4D44-861F-3CBFC9E6D5E5}.Release|Any CPU.ActiveCfg = Release|Any CPU
		{C6464FE3-91A6-4D44-861F-3CBFC9E6D5E5}.Release|Any CPU.Build.0 = Release|Any CPU
	EndGlobalSection
	GlobalSection(SolutionProperties) = preSolution
		HideSolutionNode = FALSE
	EndGlobalSection
	GlobalSection(ExtensibilityGlobals) = postSolution
		SolutionGuid = {EC081EBB-2321-4B1A-91DE-3E5489FD572B}
	EndGlobalSection
EndGlobal
